
Microsoft Visual Studio Solution File, Format Version 12.00
# Visual Studio Version 17
VisualStudioVersion = 17.2.32616.157
MinimumVisualStudioVersion = 10.0.40219.1
Project("{FAE04EC0-301F-11D3-BF4B-00C04F79EFBC}") = "buyMovies", "buyMovies\buyMovies.csproj", "{84C08F6D-6CE6-4AFE-AABB-82B5E8EA3CF6}"
EndProject
Global
	GlobalSection(SolutionConfigurationPlatforms) = preSolution
		Debug|Any CPU = Debug|Any CPU
		Release|Any CPU = Release|Any CPU
	EndGlobalSection
	GlobalSection(ProjectConfigurationPlatforms) = postSolution
		{84C08F6D-6CE6-4AFE-AABB-82B5E8EA3CF6}.Debug|Any CPU.ActiveCfg = Debug|Any CPU
		{84C08F6D-6CE6-4AFE-AABB-82B5E8EA3CF6}.Debug|Any CPU.Build.0 = Debug|Any CPU
		{84C08F6D-6CE6-4AFE-AABB-82B5E8EA3CF6}.Release|Any CPU.ActiveCfg = Release|Any CPU
		{84C08F6D-6CE6-4AFE-AABB-82B5E8EA3CF6}.Release|Any CPU.Build.0 = Release|Any CPU
	EndGlobalSection
	GlobalSection(SolutionProperties) = preSolution
		HideSolutionNode = FALSE
	EndGlobalSection
	GlobalSection(ExtensibilityGlobals) = postSolution
		SolutionGuid = {624811DE-3116-4EB8-839E-BF38589AE193}
	EndGlobalSection
EndGlobal
